
Microsoft Visual Studio Solution File, Format Version 12.00
# Visual Studio Version 16
VisualStudioVersion = 16.0.29306.81
MinimumVisualStudioVersion = 10.0.40219.1
Project("{9A19103F-16F7-4668-BE54-9A1E7A4F7556}") = "KsWare.Presentation.Converters.Gif", "KsWare.Presentation.Converters.Gif\KsWare.Presentation.Converters.Gif.csproj", "{5B695E30-C666-4B35-A21B-3FCD710D4D88}"
EndProject
Global
	GlobalSection(SolutionConfigurationPlatforms) = preSolution
		Debug|Any CPU = Debug|Any CPU
		Release|Any CPU = Release|Any CPU
	EndGlobalSection
	GlobalSection(ProjectConfigurationPlatforms) = postSolution
		{5B695E30-C666-4B35-A21B-3FCD710D4D88}.Debug|Any CPU.ActiveCfg = Debug|Any CPU
		{5B695E30-C666-4B35-A21B-3FCD710D4D88}.Debug|Any CPU.Build.0 = Debug|Any CPU
		{5B695E30-C666-4B35-A21B-3FCD710D4D88}.Release|Any CPU.ActiveCfg = Release|Any CPU
		{5B695E30-C666-4B35-A21B-3FCD710D4D88}.Release|Any CPU.Build.0 = Release|Any CPU
	EndGlobalSection
	GlobalSection(SolutionProperties) = preSolution
		HideSolutionNode = FALSE
	EndGlobalSection
	GlobalSection(ExtensibilityGlobals) = postSolution
		SolutionGuid = {E9BF4845-A628-4443-88B7-9DB5D6C9E46F}
	EndGlobalSection
EndGlobal
